{
  "version": 4,
  "terraform_version": "1.0.10",
  "serial": 4,
  "lineage": "23785b05-724b-b359-081c-2dd2f45ccfee",
  "outputs": {},
  "resources": [
    {
      "mode": "managed",
      "type": "github_branch",
      "name": "main",
      "provider": "provider[\"registry.terraform.io/integrations/github\"]",
      "instances": [
        {
          "schema_version": 0,
          "attributes": {
            "branch": "main",
            "etag": "W/\"2aa00352723e34ff1c19ea19a3c79ff334b43231fd8050b675ccf3a6f55bd08d\"",
            "id": "github_repos:main",
            "ref": "refs/heads/main",
            "repository": "github_repos",
            "sha": "4a435ae38f75406bb2307d657b4e464e48797ccb",
            "source_branch": "main",
            "source_sha": null
          },
          "sensitive_attributes": [],
          "private": "eyJzY2hlbWFfdmVyc2lvbiI6IjAifQ=="
        }
      ]
    },
    {
      "mode": "managed",
      "type": "github_branch_default",
      "name": "default",
      "provider": "provider[\"registry.terraform.io/integrations/github\"]",
      "instances": []
    },
    {
      "mode": "managed",
      "type": "github_repository",
      "name": "github_repos",
      "provider": "provider[\"registry.terraform.io/integrations/github\"]",
      "instances": [
        {
          "schema_version": 0,
          "attributes": {
            "allow_auto_merge": false,
            "allow_merge_commit": true,
            "allow_rebase_merge": true,
            "allow_squash_merge": true,
            "archive_on_destroy": null,
            "archived": false,
            "auto_init": null,
            "branches": [
              {
                "name": "main",
                "protected": false
              }
            ],
            "default_branch": "main",
            "delete_branch_on_merge": false,
            "description": "",
            "etag": "W/\"28f876eda06589570bcfe3ff1fcf94ac075d018dd38ec4d3ea0eb69dd02a05a3\"",
            "full_name": "Fraham/github_repos",
            "git_clone_url": "git://github.com/Fraham/github_repos.git",
            "gitignore_template": null,
            "has_downloads": false,
            "has_issues": false,
            "has_projects": false,
            "has_wiki": false,
            "homepage_url": "",
            "html_url": "https://github.com/Fraham/github_repos",
            "http_clone_url": "https://github.com/Fraham/github_repos.git",
            "id": "github_repos",
            "is_template": false,
            "license_template": null,
            "name": "github_repos",
            "node_id": "R_kgDOG6PHPw",
            "pages": [],
            "private": false,
            "repo_id": 463718207,
            "ssh_clone_url": "git@github.com:Fraham/github_repos.git",
            "svn_url": "https://github.com/Fraham/github_repos",
            "template": [],
            "topics": [],
            "visibility": "public",
            "vulnerability_alerts": false
          },
          "sensitive_attributes": [],
          "private": "bnVsbA=="
        }
      ]
    }
  ]
}
